// !$*UTF8*$!
{
	archiveVersion = 1;
	classes = {
	};
	objectVersion = 50;
	objects = {

/* Begin PBXBuildFile section */
		E0362956221E7A3900E3E185 /* AppDelegate.swift in Sources */ = {isa = PBXBuildFile; fileRef = E0362955221E7A3900E3E185 /* AppDelegate.swift */; };
		E0362958221E7A3900E3E185 /* ViewController.swift in Sources */ = {isa = PBXBuildFile; fileRef = E0362957221E7A3900E3E185 /* ViewController.swift */; };
		E036295B221E7A3900E3E185 /* Main.storyboard in Resources */ = {isa = PBXBuildFile; fileRef = E0362959221E7A3900E3E185 /* Main.storyboard */; };
		E036295D221E7A3C00E3E185 /* Assets.xcassets in Resources */ = {isa = PBXBuildFile; fileRef = E036295C221E7A3C00E3E185 /* Assets.xcassets */; };
		E0362960221E7A3C00E3E185 /* LaunchScreen.storyboard in Resources */ = {isa = PBXBuildFile; fileRef = E036295E221E7A3C00E3E185 /* LaunchScreen.storyboard */; };
		E0362968221E7E0700E3E185 /* PDFViewController.swift in Sources */ = {isa = PBXBuildFile; fileRef = E0362967221E7E0700E3E185 /* PDFViewController.swift */; };
/* End PBXBuildFile section */

/* Begin PBXFileReference section */
		E0362952221E7A3900E3E185 /* FileDownloader.app */ = {isa = PBXFileReference; explicitFileType = wrapper.application; includeInIndex = 0; path = FileDownloader.app; sourceTree = BUILT_PRODUCTS_DIR; };
		E0362955221E7A3900E3E185 /* AppDelegate.swift */ = {isa = PBXFileReference; lastKnownFileType = sourcecode.swift; path = AppDelegate.swift; sourceTree = "<group>"; };
		E0362957221E7A3900E3E185 /* ViewController.swift */ = {isa = PBXFileReference; lastKnownFileType = sourcecode.swift; path = ViewController.swift; sourceTree = "<group>"; };
		E036295A221E7A3900E3E185 /* Base */ = {isa = PBXFileReference; lastKnownFileType = file.storyboard; name = Base; path = Base.lproj/Main.storyboard; sourceTree = "<group>"; };
		E036295C221E7A3C00E3E185 /* Assets.xcassets */ = {isa = PBXFileReference; lastKnownFileType = folder.assetcatalog; path = Assets.xcassets; sourceTree = "<group>"; };
		E036295F221E7A3C00E3E185 /* Base */ = {isa = PBXFileReference; lastKnownFileType = file.storyboard; name = Base; path = Base.lproj/LaunchScreen.storyboard; sourceTree = "<group>"; };
		E0362961221E7A3C00E3E185 /* Info.plist */ = {isa = PBXFileReference; lastKnownFileType = text.plist.xml; path = Info.plist; sourceTree = "<group>"; };
		E0362967221E7E0700E3E185 /* PDFViewController.swift */ = {isa = PBXFileReference; lastKnownFileType = sourcecode.swift; path = PDFViewController.swift; sourceTree = "<group>"; };
/* End PBXFileReference section */

/* Begin PBXFrameworksBuildPhase section */
		E036294F221E7A3900E3E185 /* Frameworks */ = {
			isa = PBXFrameworksBuildPhase;
			buildActionMask = 2147483647;
			files = (
			);
			runOnlyForDeploymentPostprocessing = 0;
		};
/* End PBXFrameworksBuildPhase section */

/* Begin PBXGroup section */
		E0362949221E7A3900E3E185 = {
			isa = PBXGroup;
			children = (
				E0362954221E7A3900E3E185 /* FileDownloader */,
				E0362953221E7A3900E3E185 /* Products */,
			);
			sourceTree = "<group>";
		};
		E0362953221E7A3900E3E185 /* Products */ = {
			isa = PBXGroup;
			children = (
				E0362952221E7A3900E3E185 /* FileDownloader.app */,
			);
			name = Products;
			sourceTree = "<group>";
		};
		E0362954221E7A3900E3E185 /* FileDownloader */ = {
			isa = PBXGroup;
			children = (
				E0362955221E7A3900E3E185 /* AppDelegate.swift */,
				E0362957221E7A3900E3E185 /* ViewController.swift */,
				E0362959221E7A3900E3E185 /* Main.storyboard */,
				E036295C221E7A3C00E3E185 /* Assets.xcassets */,
				E036295E221E7A3C00E3E185 /* LaunchScreen.storyboard */,
				E0362961221E7A3C00E3E185 /* Info.plist */,
				E0362967221E7E0700E3E185 /* PDFViewController.swift */,
			);
			path = FileDownloader;
			sourceTree = "<group>";
		};
/* End PBXGroup section */

/* Begin PBXNativeTarget section */
		E0362951221E7A3900E3E185 /* FileDownloader */ = {
			isa = PBXNativeTarget;
			buildConfigurationList = E0362964221E7A3C00E3E185 /* Build configuration list for PBXNativeTarget "FileDownloader" */;
			buildPhases = (
				E036294E221E7A3900E3E185 /* Sources */,
				E036294F221E7A3900E3E185 /* Frameworks */,
				E0362950221E7A3900E3E185 /* Resources */,
			);
			buildRules = (
			);
			dependencies = (
			);
			name = FileDownloader;
			productName = FileDownloader;
			productReference = E0362952221E7A3900E3E185 /* FileDownloader.app */;
			productType = "com.apple.product-type.application";
		};
/* End PBXNativeTarget section */

/* Begin PBXProject section */
		E036294A221E7A3900E3E185 /* Project object */ = {
			isa = PBXProject;
			attributes = {
				LastSwiftUpdateCheck = 1010;
				LastUpgradeCheck = 1010;
				ORGANIZATIONNAME = "Feras Allaou";
				TargetAttributes = {
					E0362951221E7A3900E3E185 = {
						CreatedOnToolsVersion = 10.1;
					};
				};
			};
			buildConfigurationList = E036294D221E7A3900E3E185 /* Build configuration list for PBXProject "FileDownloader" */;
			compatibilityVersion = "Xcode 9.3";
			developmentRegion = en;
			hasScannedForEncodings = 0;
			knownRegions = (
				en,
				Base,
			);
			mainGroup = E0362949221E7A3900E3E185;
			productRefGroup = E0362953221E7A3900E3E185 /* Products */;
			projectDirPath = "";
			projectRoot = "";
			targets = (
				E0362951221E7A3900E3E185 /* FileDownloader */,
			);
		};
/* End PBXProject section */

/* Begin PBXResourcesBuildPhase section */
		E0362950221E7A3900E3E185 /* Resources */ = {
			isa = PBXResourcesBuildPhase;
			buildActionMask = 2147483647;
			files = (
				E0362960221E7A3C00E3E185 /* LaunchScreen.storyboard in Resources */,
				E036295D221E7A3C00E3E185 /* Assets.xcassets in Resources */,
				E036295B221E7A3900E3E185 /* Main.storyboard in Resources */,
			);
			runOnlyForDeploymentPostprocessing = 0;
		};
/* End PBXResourcesBuildPhase section */

/* Begin PBXSourcesBuildPhase section */
		E036294E221E7A3900E3E185 /* Sources */ = {
			isa = PBXSourcesBuildPhase;
			buildActionMask = 2147483647;
			files = (
				E0362968221E7E0700E3E185 /* PDFViewController.swift in Sources */,
				E0362958221E7A3900E3E185 /* ViewController.swift in Sources */,
				E0362956221E7A3900E3E185 /* AppDelegate.swift in Sources */,
			);
			runOnlyForDeploymentPostprocessing = 0;
		};
/* End PBXSourcesBuildPhase section */

/* Begin PBXVariantGroup section */
		E0362959221E7A3900E3E185 /* Main.storyboard */ = {
			isa = PBXVariantGroup;
			children = (
				E036295A221E7A3900E3E185 /* Base */,
			);
			name = Main.storyboard;
			sourceTree = "<group>";
		};
		E036295E221E7A3C00E3E185 /* LaunchScreen.storyboard */ = {
			isa = PBXVariantGroup;
			children = (
				E036295F221E7A3C00E3E185 /* Base */,
			);
			name = LaunchScreen.storyboard;
			sourceTree = "<group>";
		};
/* End PBXVariantGroup section */

/* Begin XCBuildConfiguration section */
		E0362962221E7A3C00E3E185 /* Debug */ = {
			isa = XCBuildConfiguration;
			buildSettings = {
				ALWAYS_SEARCH_USER_PATHS = NO;
				CLANG_ANALYZER_NONNULL = YES;
				CLANG_ANALYZER_NUMBER_OBJECT_CONVERSION = YES_AGGRESSIVE;
				CLANG_CXX_LANGUAGE_STANDARD = "gnu++14";
				CLANG_CXX_LIBRARY = "libc++";
				CLANG_ENABLE_MODULES = YES;
				CLANG_ENABLE_OBJC_ARC = YES;
				CLANG_ENABLE_OBJC_WEAK = YES;
				CLANG_WARN_BLOCK_CAPTURE_AUTORELEASING = YES;
				CLANG_WARN_BOOL_CONVERSION = YES;
				CLANG_WARN_COMMA = YES;
				CLANG_WARN_CONSTANT_CONVERSION = YES;
				CLANG_WARN_DEPRECATED_OBJC_IMPLEMENTATIONS = YES;
				CLANG_WARN_DIRECT_OBJC_ISA_USAGE = YES_ERROR;
				CLANG_WARN_DOCUMENTATION_COMMENTS = YES;
				CLANG_WARN_EMPTY_BODY = YES;
				CLANG_WARN_ENUM_CONVERSION = YES;
				CLANG_WARN_INFINITE_RECURSION = YES;
				CLANG_WARN_INT_CONVERSION = YES;
				CLANG_WARN_NON_LITERAL_NULL_CONVERSION = YES;
				CLANG_WARN_OBJC_IMPLICIT_RETAIN_SELF = YES;
				CLANG_WARN_OBJC_LITERAL_CONVERSION = YES;
				CLANG_WARN_OBJC_ROOT_CLASS = YES_ERROR;
				CLANG_WARN_RANGE_LOOP_ANALYSIS = YES;
				CLANG_WARN_STRICT_PROTOTYPES = YES;
				CLANG_WARN_SUSPICIOUS_MOVE = YES;
				CLANG_WARN_UNGUARDED_AVAILABILITY = YES_AGGRESSIVE;
				CLANG_WARN_UNREACHABLE_CODE = YES;
				CLANG_WARN__DUPLICATE_METHOD_MATCH = YES;
				CODE_SIGN_IDENTITY = "iPhone Developer";
				COPY_PHASE_STRIP = NO;
				DEBUG_INFORMATION_FORMAT = dwarf;
				ENABLE_STRICT_OBJC_MSGSEND = YES;
				ENABLE_TESTABILITY = YES;
				GCC_C_LANGUAGE_STANDARD = gnu11;
				GCC_DYNAMIC_NO_PIC = NO;
				GCC_NO_COMMON_BLOCKS = YES;
				GCC_OPTIMIZATION_LEVEL = 0;
				GCC_PREPROCESSOR_DEFINITIONS = (
					"DEBUG=1",
					"$(inherited)",
				);
				GCC_WARN_64_TO_32_BIT_CONVERSION = YES;
				GCC_WARN_ABOUT_RETURN_TYPE = YES_ERROR;
				GCC_WARN_UNDECLARED_SELECTOR = YES;
				GCC_WARN_UNINITIALIZED_AUTOS = YES_AGGRESSIVE;
				GCC_WARN_UNUSED_FUNCTION = YES;
				GCC_WARN_UNUSED_VARIABLE = YES;
				IPHONEOS_DEPLOYMENT_TARGET = 12.1;
				MTL_ENABLE_DEBUG_INFO = INCLUDE_SOURCE;
				MTL_FAST_MATH = YES;
				ONLY_ACTIVE_ARCH = YES;
				SDKROOT = iphoneos;
				SWIFT_ACTIVE_COMPILATION_CONDITIONS = DEBUG;
				SWIFT_OPTIMIZATION_LEVEL = "-Onone";
			};
			name = Debug;
		};
		E0362963221E7A3C00E3E185 /* Release */ = {
			isa = XCBuildConfiguration;
			buildSettings = {
				ALWAYS_SEARCH_USER_PATHS = NO;
				CLANG_ANALYZER_NONNULL = YES;
				CLANG_ANALYZER_NUMBER_OBJECT_CONVERSION = YES_AGGRESSIVE;
				CLANG_CXX_LANGUAGE_STANDARD = "gnu++14";
				CLANG_CXX_LIBRARY = "libc++";
				CLANG_ENABLE_MODULES = YES;
				CLANG_ENABLE_OBJC_ARC = YES;
				CLANG_ENABLE_OBJC_WEAK = YES;
				CLANG_WARN_BLOCK_CAPTURE_AUTORELEASING = YES;
				CLANG_WARN_BOOL_CONVERSION = YES;
				CLANG_WARN_COMMA = YES;
				CLANG_WARN_CONSTANT_CONVERSION = YES;
				CLANG_WARN_DEPRECATED_OBJC_IMPLEMENTATIONS = YES;
				CLANG_WARN_DIRECT_OBJC_ISA_USAGE = YES_ERROR;
				CLANG_WARN_DOCUMENTATION_COMMENTS = YES;
				CLANG_WARN_EMPTY_BODY = YES;
				CLANG_WARN_ENUM_CONVERSION = YES;
				CLANG_WARN_INFINITE_RECURSION = YES;
				CLANG_WARN_INT_CONVERSION = YES;
				CLANG_WARN_NON_LITERAL_NULL_CONVERSION = YES;
				CLANG_WARN_OBJC_IMPLICIT_RETAIN_SELF = YES;
				CLANG_WARN_OBJC_LITERAL_CONVERSION = YES;
				CLANG_WARN_OBJC_ROOT_CLASS = YES_ERROR;
				CLANG_WARN_RANGE_LOOP_ANALYSIS = YES;
				CLANG_WARN_STRICT_PROTOTYPES = YES;
				CLANG_WARN_SUSPICIOUS_MOVE = YES;
				CLANG_WARN_UNGUARDED_AVAILABILITY = YES_AGGRESSIVE;
				CLANG_WARN_UNREACHABLE_CODE = YES;
				CLANG_WARN__DUPLICATE_METHOD_MATCH = YES;
				CODE_SIGN_IDENTITY = "iPhone Developer";
				COPY_PHASE_STRIP = NO;
				DEBUG_INFORMATION_FORMAT = "dwarf-with-dsym";
				ENABLE_NS_ASSERTIONS = NO;
				ENABLE_STRICT_OBJC_MSGSEND = YES;
				GCC_C_LANGUAGE_STANDARD = gnu11;
				GCC_NO_COMMON_BLOCKS = YES;
				GCC_WARN_64_TO_32_BIT_CONVERSION = YES;
				GCC_WARN_ABOUT_RETURN_TYPE = YES_ERROR;
				GCC_WARN_UNDECLARED_SELECTOR = YES;
				GCC_WARN_UNINITIALIZED_AUTOS = YES_AGGRESSIVE;
				GCC_WARN_UNUSED_FUNCTION = YES;
				GCC_WARN_UNUSED_VARIABLE = YES;
				IPHONEOS_DEPLOYMENT_TARGET = 12.1;
				MTL_ENABLE_DEBUG_INFO = NO;
				MTL_FAST_MATH = YES;
				SDKROOT = iphoneos;
				SWIFT_COMPILATION_MODE = wholemodule;
				SWIFT_OPTIMIZATION_LEVEL = "-O";
				VALIDATE_PRODUCT = YES;
			};
			name = Release;
		};
		E0362965221E7A3C00E3E185 /* Debug */ = {
			isa = XCBuildConfiguration;
			buildSettings = {
				ASSETCATALOG_COMPILER_APPICON_NAME = AppIcon;
				CODE_SIGN_STYLE = Automatic;
				DEVELOPMENT_TEAM = PHZ3Z3YJ85;
				INFOPLIST_FILE = FileDownloader/Info.plist;
				LD_RUNPATH_SEARCH_PATHS = (
					"$(inherited)",
					"@executable_path/Frameworks",
				);
				PRODUCT_BUNDLE_IDENTIFIER = ws.feras.FileDownloader;
				PRODUCT_NAME = "$(TARGET_NAME)";
				SWIFT_VERSION = 4.2;
				TARGETED_DEVICE_FAMILY = "1,2";
			};
			name = Debug;
		};
		E0362966221E7A3C00E3E185 /* Release */ = {
			isa = XCBuildConfiguration;
			buildSettings = {
				ASSETCATALOG_COMPILER_APPICON_NAME = AppIcon;
				CODE_SIGN_STYLE = Automatic;
				DEVELOPMENT_TEAM = PHZ3Z3YJ85;
				INFOPLIST_FILE = FileDownloader/Info.plist;
				LD_RUNPATH_SEARCH_PATHS = (
					"$(inherited)",
					"@executable_path/Frameworks",
				);
				PRODUCT_BUNDLE_IDENTIFIER = ws.feras.FileDownloader;
				PRODUCT_NAME = "$(TARGET_NAME)";
				SWIFT_VERSION = 4.2;
				TARGETED_DEVICE_FAMILY = "1,2";
			};
			name = Release;
		};
/* End XCBuildConfiguration section */

/* Begin XCConfigurationList section */
		E036294D221E7A3900E3E185 /* Build configuration list for PBXProject "FileDownloader" */ = {
			isa = XCConfigurationList;
			buildConfigurations = (
				E0362962221E7A3C00E3E185 /* Debug */,
				E0362963221E7A3C00E3E185 /* Release */,
			);
			defaultConfigurationIsVisible = 0;
			defaultConfigurationName = Release;
		};
		E0362964221E7A3C00E3E185 /* Build configuration list for PBXNativeTarget "FileDownloader" */ = {
			isa = XCConfigurationList;
			buildConfigurations = (
				E0362965221E7A3C00E3E185 /* Debug */,
				E0362966221E7A3C00E3E185 /* Release */,
			);
			defaultConfigurationIsVisible = 0;
			defaultConfigurationName = Release;
		};
/* End XCConfigurationList section */
	};
	rootObject = E036294A221E7A3900E3E185 /* Project object */;
}
